
Microsoft Visual Studio Solution File, Format Version 12.00
# Visual Studio Version 17
VisualStudioVersion = 17.9.34728.123
MinimumVisualStudioVersion = 10.0.40219.1
Project("{2150E333-8FDC-42A3-9474-1A3956D46DE8}") = "src", "src", "{1A002D30-05D9-4410-AD38-3A29DE989FD3}"
EndProject
Project("{9A19103F-16F7-4668-BE54-9A1E7A4F7556}") = "Domain", "src\Domain\Domain.csproj", "{FCE873E5-90B5-457C-9B3E-4DA305326872}"
EndProject
Project("{9A19103F-16F7-4668-BE54-9A1E7A4F7556}") = "Application", "src\Application\Application.csproj", "{F4DB07C3-8A2B-46F5-8916-0AD076FE32F2}"
EndProject
Project("{9A19103F-16F7-4668-BE54-9A1E7A4F7556}") = "Infrastructure", "src\Infrastructure\Infrastructure.csproj", "{E8577E16-EC9C-43FB-B0CA-B913A353F6F1}"
EndProject
Project("{9A19103F-16F7-4668-BE54-9A1E7A4F7556}") = "Presentation", "src\Presentation\Presentation.csproj", "{6BA0DDD0-7B9A-4018-8001-69FB0A8232E5}"
EndProject
Project("{E53339B2-1760-4266-BCC7-CA923CBCF16C}") = "docker-compose", "docker-compose.dcproj", "{AD2B0951-7090-44CA-A6C1-DD36A6CD9646}"
EndProject
Project("{2150E333-8FDC-42A3-9474-1A3956D46DE8}") = "tests", "tests", "{586193B7-119E-464A-B1B4-9151BA944E96}"
EndProject
Project("{FAE04EC0-301F-11D3-BF4B-00C04F79EFBC}") = "Application.UnitTests", "tests\Application.UnitTests\Application.UnitTests.csproj", "{88C890B6-D1EB-4745-A7A2-9BE04127801F}"
EndProject
Global
	GlobalSection(SolutionConfigurationPlatforms) = preSolution
		Debug|Any CPU = Debug|Any CPU
		Release|Any CPU = Release|Any CPU
	EndGlobalSection
	GlobalSection(ProjectConfigurationPlatforms) = postSolution
		{FCE873E5-90B5-457C-9B3E-4DA305326872}.Debug|Any CPU.ActiveCfg = Debug|Any CPU
		{FCE873E5-90B5-457C-9B3E-4DA305326872}.Debug|Any CPU.Build.0 = Debug|Any CPU
		{FCE873E5-90B5-457C-9B3E-4DA305326872}.Release|Any CPU.ActiveCfg = Release|Any CPU
		{FCE873E5-90B5-457C-9B3E-4DA305326872}.Release|Any CPU.Build.0 = Release|Any CPU
		{F4DB07C3-8A2B-46F5-8916-0AD076FE32F2}.Debug|Any CPU.ActiveCfg = Debug|Any CPU
		{F4DB07C3-8A2B-46F5-8916-0AD076FE32F2}.Debug|Any CPU.Build.0 = Debug|Any CPU
		{F4DB07C3-8A2B-46F5-8916-0AD076FE32F2}.Release|Any CPU.ActiveCfg = Release|Any CPU
		{F4DB07C3-8A2B-46F5-8916-0AD076FE32F2}.Release|Any CPU.Build.0 = Release|Any CPU
		{E8577E16-EC9C-43FB-B0CA-B913A353F6F1}.Debug|Any CPU.ActiveCfg = Debug|Any CPU
		{E8577E16-EC9C-43FB-B0CA-B913A353F6F1}.Debug|Any CPU.Build.0 = Debug|Any CPU
		{E8577E16-EC9C-43FB-B0CA-B913A353F6F1}.Release|Any CPU.ActiveCfg = Release|Any CPU
		{E8577E16-EC9C-43FB-B0CA-B913A353F6F1}.Release|Any CPU.Build.0 = Release|Any CPU
		{6BA0DDD0-7B9A-4018-8001-69FB0A8232E5}.Debug|Any CPU.ActiveCfg = Debug|Any CPU
		{6BA0DDD0-7B9A-4018-8001-69FB0A8232E5}.Debug|Any CPU.Build.0 = Debug|Any CPU
		{6BA0DDD0-7B9A-4018-8001-69FB0A8232E5}.Release|Any CPU.ActiveCfg = Release|Any CPU
		{6BA0DDD0-7B9A-4018-8001-69FB0A8232E5}.Release|Any CPU.Build.0 = Release|Any CPU
		{AD2B0951-7090-44CA-A6C1-DD36A6CD9646}.Debug|Any CPU.ActiveCfg = Debug|Any CPU
		{AD2B0951-7090-44CA-A6C1-DD36A6CD9646}.Debug|Any CPU.Build.0 = Debug|Any CPU
		{AD2B0951-7090-44CA-A6C1-DD36A6CD9646}.Release|Any CPU.ActiveCfg = Release|Any CPU
		{AD2B0951-7090-44CA-A6C1-DD36A6CD9646}.Release|Any CPU.Build.0 = Release|Any CPU
		{88C890B6-D1EB-4745-A7A2-9BE04127801F}.Debug|Any CPU.ActiveCfg = Debug|Any CPU
		{88C890B6-D1EB-4745-A7A2-9BE04127801F}.Debug|Any CPU.Build.0 = Debug|Any CPU
		{88C890B6-D1EB-4745-A7A2-9BE04127801F}.Release|Any CPU.ActiveCfg = Release|Any CPU
		{88C890B6-D1EB-4745-A7A2-9BE04127801F}.Release|Any CPU.Build.0 = Release|Any CPU
	EndGlobalSection
	GlobalSection(SolutionProperties) = preSolution
		HideSolutionNode = FALSE
	EndGlobalSection
	GlobalSection(NestedProjects) = preSolution
		{FCE873E5-90B5-457C-9B3E-4DA305326872} = {1A002D30-05D9-4410-AD38-3A29DE989FD3}
		{F4DB07C3-8A2B-46F5-8916-0AD076FE32F2} = {1A002D30-05D9-4410-AD38-3A29DE989FD3}
		{E8577E16-EC9C-43FB-B0CA-B913A353F6F1} = {1A002D30-05D9-4410-AD38-3A29DE989FD3}
		{6BA0DDD0-7B9A-4018-8001-69FB0A8232E5} = {1A002D30-05D9-4410-AD38-3A29DE989FD3}
		{88C890B6-D1EB-4745-A7A2-9BE04127801F} = {586193B7-119E-464A-B1B4-9151BA944E96}
	EndGlobalSection
	GlobalSection(ExtensibilityGlobals) = postSolution
		SolutionGuid = {8E6CEE7D-27DB-4B3F-AB93-CA759FCBC9CB}
	EndGlobalSection
EndGlobal
